
Microsoft Visual Studio Solution File, Format Version 12.00
# Visual Studio Version 17
VisualStudioVersion = 17.6.33723.286
MinimumVisualStudioVersion = 10.0.40219.1
Project("{FAE04EC0-301F-11D3-BF4B-00C04F79EFBC}") = "task1", "task1\task1.csproj", "{62C494FD-0260-4C96-871B-C201D137798A}"
EndProject
Project("{FAE04EC0-301F-11D3-BF4B-00C04F79EFBC}") = "task2", "task2\task2.csproj", "{2EB73EF0-9A06-4D55-B9AB-D70CEE393ED4}"
EndProject
Global
	GlobalSection(SolutionConfigurationPlatforms) = preSolution
		Debug|Any CPU = Debug|Any CPU
		Release|Any CPU = Release|Any CPU
	EndGlobalSection
	GlobalSection(ProjectConfigurationPlatforms) = postSolution
		{62C494FD-0260-4C96-871B-C201D137798A}.Debug|Any CPU.ActiveCfg = Debug|Any CPU
		{62C494FD-0260-4C96-871B-C201D137798A}.Debug|Any CPU.Build.0 = Debug|Any CPU
		{62C494FD-0260-4C96-871B-C201D137798A}.Release|Any CPU.ActiveCfg = Release|Any CPU
		{62C494FD-0260-4C96-871B-C201D137798A}.Release|Any CPU.Build.0 = Release|Any CPU
		{2EB73EF0-9A06-4D55-B9AB-D70CEE393ED4}.Debug|Any CPU.ActiveCfg = Debug|Any CPU
		{2EB73EF0-9A06-4D55-B9AB-D70CEE393ED4}.Debug|Any CPU.Build.0 = Debug|Any CPU
		{2EB73EF0-9A06-4D55-B9AB-D70CEE393ED4}.Release|Any CPU.ActiveCfg = Release|Any CPU
		{2EB73EF0-9A06-4D55-B9AB-D70CEE393ED4}.Release|Any CPU.Build.0 = Release|Any CPU
	EndGlobalSection
	GlobalSection(SolutionProperties) = preSolution
		HideSolutionNode = FALSE
	EndGlobalSection
	GlobalSection(ExtensibilityGlobals) = postSolution
		SolutionGuid = {C95D44C0-A785-42B3-A081-F62E16B6E3AC}
	EndGlobalSection
EndGlobal
